
Microsoft Visual Studio Solution File, Format Version 12.00
# Visual Studio Version 16
VisualStudioVersion = 16.0.31729.503
MinimumVisualStudioVersion = 10.0.40219.1
Project("{9A19103F-16F7-4668-BE54-9A1E7A4F7556}") = "Asp06Store.ShopUI", "Asp06Store.ShopUI\Asp06Store.ShopUI.csproj", "{76F9F823-EA81-4DA5-8B55-036A6E4FF3B8}"
EndProject
Project("{2150E333-8FDC-42A3-9474-1A3956D46DE8}") = "00.Framwork", "00.Framwork", "{525F6BB8-5A28-4951-9C9D-492423E06246}"
EndProject
Project("{2150E333-8FDC-42A3-9474-1A3956D46DE8}") = "01.Core", "01.Core", "{7E61D5AD-2562-412F-995B-60724DC1F9E1}"
EndProject
Project("{2150E333-8FDC-42A3-9474-1A3956D46DE8}") = "02.Infra", "02.Infra", "{71C807F2-D09E-477F-8BB3-B4D2246F6B32}"
EndProject
Project("{2150E333-8FDC-42A3-9474-1A3956D46DE8}") = "03.Endpoint", "03.Endpoint", "{AB7DA34C-ECDC-43B3-82A6-63B384A8C1D3}"
EndProject
Global
	GlobalSection(SolutionConfigurationPlatforms) = preSolution
		Debug|Any CPU = Debug|Any CPU
		Release|Any CPU = Release|Any CPU
	EndGlobalSection
	GlobalSection(ProjectConfigurationPlatforms) = postSolution
		{76F9F823-EA81-4DA5-8B55-036A6E4FF3B8}.Debug|Any CPU.ActiveCfg = Debug|Any CPU
		{76F9F823-EA81-4DA5-8B55-036A6E4FF3B8}.Debug|Any CPU.Build.0 = Debug|Any CPU
		{76F9F823-EA81-4DA5-8B55-036A6E4FF3B8}.Release|Any CPU.ActiveCfg = Release|Any CPU
		{76F9F823-EA81-4DA5-8B55-036A6E4FF3B8}.Release|Any CPU.Build.0 = Release|Any CPU
	EndGlobalSection
	GlobalSection(SolutionProperties) = preSolution
		HideSolutionNode = FALSE
	EndGlobalSection
	GlobalSection(NestedProjects) = preSolution
		{76F9F823-EA81-4DA5-8B55-036A6E4FF3B8} = {AB7DA34C-ECDC-43B3-82A6-63B384A8C1D3}
	EndGlobalSection
	GlobalSection(ExtensibilityGlobals) = postSolution
		SolutionGuid = {4CB551B0-D31F-4F2D-866E-F9341D32D7FF}
	EndGlobalSection
EndGlobal
